
Microsoft Visual Studio Solution File, Format Version 12.00
Project("{F2A71F9B-5D33-465A-A702-920D77279786}") = "AdventUtilities", "AdventUtilities.fsproj", "{48962A64-07F6-4D60-8AF7-341E970A7442}"
EndProject
Global
	GlobalSection(SolutionConfigurationPlatforms) = preSolution
		Debug|Any CPU = Debug|Any CPU
		Release|Any CPU = Release|Any CPU
	EndGlobalSection
	GlobalSection(ProjectConfigurationPlatforms) = postSolution
		{48962A64-07F6-4D60-8AF7-341E970A7442}.Debug|Any CPU.ActiveCfg = Debug|Any CPU
		{48962A64-07F6-4D60-8AF7-341E970A7442}.Debug|Any CPU.Build.0 = Debug|Any CPU
		{48962A64-07F6-4D60-8AF7-341E970A7442}.Release|Any CPU.ActiveCfg = Release|Any CPU
		{48962A64-07F6-4D60-8AF7-341E970A7442}.Release|Any CPU.Build.0 = Release|Any CPU
	EndGlobalSection
EndGlobal
